
Microsoft Visual Studio Solution File, Format Version 12.00
# Visual Studio 15
VisualStudioVersion = 15.0.28307.1062
MinimumVisualStudioVersion = 10.0.40219.1
Project("{FAE04EC0-301F-11D3-BF4B-00C04F79EFBC}") = "WebApplication70", "WebApplication70\WebApplication70.csproj", "{980B0E53-6748-457E-A41B-DCC664A9FE9A}"
EndProject
Global
	GlobalSection(SolutionConfigurationPlatforms) = preSolution
		Debug|Any CPU = Debug|Any CPU
		Release|Any CPU = Release|Any CPU
	EndGlobalSection
	GlobalSection(ProjectConfigurationPlatforms) = postSolution
		{980B0E53-6748-457E-A41B-DCC664A9FE9A}.Debug|Any CPU.ActiveCfg = Debug|Any CPU
		{980B0E53-6748-457E-A41B-DCC664A9FE9A}.Debug|Any CPU.Build.0 = Debug|Any CPU
		{980B0E53-6748-457E-A41B-DCC664A9FE9A}.Release|Any CPU.ActiveCfg = Release|Any CPU
		{980B0E53-6748-457E-A41B-DCC664A9FE9A}.Release|Any CPU.Build.0 = Release|Any CPU
	EndGlobalSection
	GlobalSection(SolutionProperties) = preSolution
		HideSolutionNode = FALSE
	EndGlobalSection
	GlobalSection(ExtensibilityGlobals) = postSolution
		SolutionGuid = {B27E1041-E2A0-4DFC-A329-5312AEAEBFD8}
	EndGlobalSection
EndGlobal
